
Microsoft Visual Studio Solution File, Format Version 12.00
# Visual Studio Version 16
VisualStudioVersion = 16.0.30011.22
MinimumVisualStudioVersion = 10.0.40219.1
Project("{FAE04EC0-301F-11D3-BF4B-00C04F79EFBC}") = "TypesAndVariables", "TypesAndVariables\TypesAndVariables.csproj", "{142CD7AB-5B94-4D89-A24A-3E095230C5A6}"
EndProject
Project("{FAE04EC0-301F-11D3-BF4B-00C04F79EFBC}") = "Conditional with IF", "Conditionals\Conditional with IF.csproj", "{26D2FB48-68F1-406B-B2A7-707529E1D7CA}"
EndProject
Global
	GlobalSection(SolutionConfigurationPlatforms) = preSolution
		Debug|Any CPU = Debug|Any CPU
		Release|Any CPU = Release|Any CPU
	EndGlobalSection
	GlobalSection(ProjectConfigurationPlatforms) = postSolution
		{142CD7AB-5B94-4D89-A24A-3E095230C5A6}.Debug|Any CPU.ActiveCfg = Debug|Any CPU
		{142CD7AB-5B94-4D89-A24A-3E095230C5A6}.Debug|Any CPU.Build.0 = Debug|Any CPU
		{142CD7AB-5B94-4D89-A24A-3E095230C5A6}.Release|Any CPU.ActiveCfg = Release|Any CPU
		{142CD7AB-5B94-4D89-A24A-3E095230C5A6}.Release|Any CPU.Build.0 = Release|Any CPU
		{26D2FB48-68F1-406B-B2A7-707529E1D7CA}.Debug|Any CPU.ActiveCfg = Debug|Any CPU
		{26D2FB48-68F1-406B-B2A7-707529E1D7CA}.Debug|Any CPU.Build.0 = Debug|Any CPU
		{26D2FB48-68F1-406B-B2A7-707529E1D7CA}.Release|Any CPU.ActiveCfg = Release|Any CPU
		{26D2FB48-68F1-406B-B2A7-707529E1D7CA}.Release|Any CPU.Build.0 = Release|Any CPU
	EndGlobalSection
	GlobalSection(SolutionProperties) = preSolution
		HideSolutionNode = FALSE
	EndGlobalSection
	GlobalSection(ExtensibilityGlobals) = postSolution
		SolutionGuid = {5320CF42-9811-4F74-97B3-3A8E86BE26C6}
	EndGlobalSection
EndGlobal
